
Microsoft Visual Studio Solution File, Format Version 12.00
# Visual Studio Version 17
VisualStudioVersion = 17.0.31903.59
MinimumVisualStudioVersion = 10.0.40219.1
Project("{FAE04EC0-301F-11D3-BF4B-00C04F79EFBC}") = "sastreria_data", "sastreria_data\sastreria_data.csproj", "{CFBF32FF-BA7C-4089-93FA-5668B7F6D42E}"
EndProject
Project("{FAE04EC0-301F-11D3-BF4B-00C04F79EFBC}") = "WebSastreria", "WebSastreria\WebSastreria.csproj", "{307A2AF3-33D3-4B7E-80DD-21E4D089267C}"
EndProject
Project("{FAE04EC0-301F-11D3-BF4B-00C04F79EFBC}") = "sastreria_domain", "sastreria_domain\sastreria_domain.csproj", "{2C8EDDFF-A6A8-4F27-B349-EDF7022A96EB}"
EndProject
Global
	GlobalSection(SolutionConfigurationPlatforms) = preSolution
		Debug|Any CPU = Debug|Any CPU
		Release|Any CPU = Release|Any CPU
	EndGlobalSection
	GlobalSection(SolutionProperties) = preSolution
		HideSolutionNode = FALSE
	EndGlobalSection
	GlobalSection(ProjectConfigurationPlatforms) = postSolution
		{CFBF32FF-BA7C-4089-93FA-5668B7F6D42E}.Debug|Any CPU.ActiveCfg = Debug|Any CPU
		{CFBF32FF-BA7C-4089-93FA-5668B7F6D42E}.Debug|Any CPU.Build.0 = Debug|Any CPU
		{CFBF32FF-BA7C-4089-93FA-5668B7F6D42E}.Release|Any CPU.ActiveCfg = Release|Any CPU
		{CFBF32FF-BA7C-4089-93FA-5668B7F6D42E}.Release|Any CPU.Build.0 = Release|Any CPU
		{307A2AF3-33D3-4B7E-80DD-21E4D089267C}.Debug|Any CPU.ActiveCfg = Debug|Any CPU
		{307A2AF3-33D3-4B7E-80DD-21E4D089267C}.Debug|Any CPU.Build.0 = Debug|Any CPU
		{307A2AF3-33D3-4B7E-80DD-21E4D089267C}.Release|Any CPU.ActiveCfg = Release|Any CPU
		{307A2AF3-33D3-4B7E-80DD-21E4D089267C}.Release|Any CPU.Build.0 = Release|Any CPU
		{2C8EDDFF-A6A8-4F27-B349-EDF7022A96EB}.Debug|Any CPU.ActiveCfg = Debug|Any CPU
		{2C8EDDFF-A6A8-4F27-B349-EDF7022A96EB}.Debug|Any CPU.Build.0 = Debug|Any CPU
		{2C8EDDFF-A6A8-4F27-B349-EDF7022A96EB}.Release|Any CPU.ActiveCfg = Release|Any CPU
		{2C8EDDFF-A6A8-4F27-B349-EDF7022A96EB}.Release|Any CPU.Build.0 = Release|Any CPU
	EndGlobalSection
EndGlobal
